
Microsoft Visual Studio Solution File, Format Version 12.00
# Visual Studio 14
VisualStudioVersion = 14.0.23107.0
MinimumVisualStudioVersion = 10.0.40219.1
Project("{FAE04EC0-301F-11D3-BF4B-00C04F79EFBC}") = "GDShop", "GDShop\GDShop.csproj", "{30BF0D12-E2EB-49A0-B747-B211E8D37BAC}"
	ProjectSection(ProjectDependencies) = postProject
		{11360783-EF1C-4AFB-AC8A-8BDFFB5B846B} = {11360783-EF1C-4AFB-AC8A-8BDFFB5B846B}
	EndProjectSection
EndProject
Project("{FAE04EC0-301F-11D3-BF4B-00C04F79EFBC}") = "GDWebService", "GDWebService\GDWebService.csproj", "{11360783-EF1C-4AFB-AC8A-8BDFFB5B846B}"
EndProject
Global
	GlobalSection(SolutionConfigurationPlatforms) = preSolution
		Debug|Any CPU = Debug|Any CPU
		Release|Any CPU = Release|Any CPU
	EndGlobalSection
	GlobalSection(ProjectConfigurationPlatforms) = postSolution
		{30BF0D12-E2EB-49A0-B747-B211E8D37BAC}.Debug|Any CPU.ActiveCfg = Debug|Any CPU
		{30BF0D12-E2EB-49A0-B747-B211E8D37BAC}.Debug|Any CPU.Build.0 = Debug|Any CPU
		{30BF0D12-E2EB-49A0-B747-B211E8D37BAC}.Release|Any CPU.ActiveCfg = Release|Any CPU
		{30BF0D12-E2EB-49A0-B747-B211E8D37BAC}.Release|Any CPU.Build.0 = Release|Any CPU
		{11360783-EF1C-4AFB-AC8A-8BDFFB5B846B}.Debug|Any CPU.ActiveCfg = Debug|Any CPU
		{11360783-EF1C-4AFB-AC8A-8BDFFB5B846B}.Debug|Any CPU.Build.0 = Debug|Any CPU
		{11360783-EF1C-4AFB-AC8A-8BDFFB5B846B}.Release|Any CPU.ActiveCfg = Release|Any CPU
		{11360783-EF1C-4AFB-AC8A-8BDFFB5B846B}.Release|Any CPU.Build.0 = Release|Any CPU
	EndGlobalSection
	GlobalSection(SolutionProperties) = preSolution
		HideSolutionNode = FALSE
	EndGlobalSection
EndGlobal
